{
  "requires": true,
  "lockfileVersion": 1,
  "dependencies": {
    "caniuse-lite": {
      "version": "1.0.30001402",
      "resolved": "https://registry.npmjs.org/caniuse-lite/-/caniuse-lite-1.0.30001402.tgz",
      "integrity": "sha512-Mx4MlhXO5NwuvXGgVb+hg65HZ+bhUYsz8QtDGDo2QmaJS2GBX47Xfi2koL86lc8K+l+htXeTEB/Aeqvezoo6Ew=="
    },
    "phosphor-react-native": {
      "version": "1.1.2",
      "resolved": "https://registry.npmjs.org/phosphor-react-native/-/phosphor-react-native-1.1.2.tgz",
      "integrity": "sha512-uWYDG4S70JP89jmXljCA0K6/0mjQDHH8GVHFwF+dmbdYkALIE84jMMSemkFtjdsazB1j+xDBJcGaKN3PdEC8uQ==",
      "requires": {
        "caniuse-lite": "^1.0.30001346"
      }
    }
  }
}
